{"is_source_file": false, "format": "", "description": "", "external_files": [], "external_methods": [], "published": [], "classes": [], "methods": [], "calls": [], "search-terms": [], "state": 2, "file_id": 8, "knowledge_revision": 24, "git_revision": "387dfd7547aa464b21d7467122f553f641955a20", "filename": "/home/kavia/workspace/code-generation/healthsense-ai-95538-95544/healthsense_ai/post_process_status.lock", "hash": "9c4ed7ef73e22b872b8055bec08b8979", "format-version": 4, "code-base-name": "default", "revision_history": [{"24": "387dfd7547aa464b21d7467122f553f641955a20"}]}